// !$*UTF8*$!
{
	archiveVersion = 1;
	classes = {
	};
	objectVersion = 48;
	objects = {

/* Begin PBXBuildFile section */
		CEF818BE1F1B976300EFEC1A /* AppDelegate.swift in Sources */ = {isa = PBXBuildFile; fileRef = CEF818BD1F1B976300EFEC1A /* AppDelegate.swift */; };
		CEF818C01F1B976300EFEC1A /* art.scnassets in Resources */ = {isa = PBXBuildFile; fileRef = CEF818BF1F1B976300EFEC1A /* art.scnassets */; };
		CEF818C21F1B976300EFEC1A /* ViewController.swift in Sources */ = {isa = PBXBuildFile; fileRef = CEF818C11F1B976300EFEC1A /* ViewController.swift */; };
		CEF818C51F1B976300EFEC1A /* Main.storyboard in Resources */ = {isa = PBXBuildFile; fileRef = CEF818C31F1B976300EFEC1A /* Main.storyboard */; };
		CEF818C71F1B976300EFEC1A /* Assets.xcassets in Resources */ = {isa = PBXBuildFile; fileRef = CEF818C61F1B976300EFEC1A /* Assets.xcassets */; };
		CEF818CA1F1B976300EFEC1A /* LaunchScreen.storyboard in Resources */ = {isa = PBXBuildFile; fileRef = CEF818C81F1B976300EFEC1A /* LaunchScreen.storyboard */; };
/* End PBXBuildFile section */

/* Begin PBXFileReference section */
		CEF818BA1F1B976300EFEC1A /* ARGuied.app */ = {isa = PBXFileReference; explicitFileType = wrapper.application; includeInIndex = 0; path = ARGuied.app; sourceTree = BUILT_PRODUCTS_DIR; };
		CEF818BD1F1B976300EFEC1A /* AppDelegate.swift */ = {isa = PBXFileReference; lastKnownFileType = sourcecode.swift; path = AppDelegate.swift; sourceTree = "<group>"; };
		CEF818BF1F1B976300EFEC1A /* art.scnassets */ = {isa = PBXFileReference; lastKnownFileType = wrapper.scnassets; path = art.scnassets; sourceTree = "<group>"; };
		CEF818C11F1B976300EFEC1A /* ViewController.swift */ = {isa = PBXFileReference; lastKnownFileType = sourcecode.swift; path = ViewController.swift; sourceTree = "<group>"; };
		CEF818C41F1B976300EFEC1A /* Base */ = {isa = PBXFileReference; lastKnownFileType = file.storyboard; name = Base; path = Base.lproj/Main.storyboard; sourceTree = "<group>"; };
		CEF818C61F1B976300EFEC1A /* Assets.xcassets */ = {isa = PBXFileReference; lastKnownFileType = folder.assetcatalog; path = Assets.xcassets; sourceTree = "<group>"; };
		CEF818C91F1B976300EFEC1A /* Base */ = {isa = PBXFileReference; lastKnownFileType = file.storyboard; name = Base; path = Base.lproj/LaunchScreen.storyboard; sourceTree = "<group>"; };
		CEF818CB1F1B976300EFEC1A /* Info.plist */ = {isa = PBXFileReference; lastKnownFileType = text.plist.xml; path = Info.plist; sourceTree = "<group>"; };
/* End PBXFileReference section */

/* Begin PBXFrameworksBuildPhase section */
		CEF818B71F1B976300EFEC1A /* Frameworks */ = {
			isa = PBXFrameworksBuildPhase;
			buildActionMask = 2147483647;
			files = (
			);
			runOnlyForDeploymentPostprocessing = 0;
		};
/* End PBXFrameworksBuildPhase section */

/* Begin PBXGroup section */
		CEF818B11F1B976300EFEC1A = {
			isa = PBXGroup;
			children = (
				CEF818BC1F1B976300EFEC1A /* ARGuied */,
				CEF818BB1F1B976300EFEC1A /* Products */,
			);
			sourceTree = "<group>";
		};
		CEF818BB1F1B976300EFEC1A /* Products */ = {
			isa = PBXGroup;
			children = (
				CEF818BA1F1B976300EFEC1A /* ARGuied.app */,
			);
			name = Products;
			sourceTree = "<group>";
		};
		CEF818BC1F1B976300EFEC1A /* ARGuied */ = {
			isa = PBXGroup;
			children = (
				CEF818BD1F1B976300EFEC1A /* AppDelegate.swift */,
				CEF818BF1F1B976300EFEC1A /* art.scnassets */,
				CEF818C11F1B976300EFEC1A /* ViewController.swift */,
				CEF818C31F1B976300EFEC1A /* Main.storyboard */,
				CEF818C61F1B976300EFEC1A /* Assets.xcassets */,
				CEF818C81F1B976300EFEC1A /* LaunchScreen.storyboard */,
				CEF818CB1F1B976300EFEC1A /* Info.plist */,
			);
			path = ARGuied;
			sourceTree = "<group>";
		};
/* End PBXGroup section */

/* Begin PBXNativeTarget section */
		CEF818B91F1B976300EFEC1A /* ARGuied */ = {
			isa = PBXNativeTarget;
			buildConfigurationList = CEF818CE1F1B976300EFEC1A /* Build configuration list for PBXNativeTarget "ARGuied" */;
			buildPhases = (
				CEF818B61F1B976300EFEC1A /* Sources */,
				CEF818B71F1B976300EFEC1A /* Frameworks */,
				CEF818B81F1B976300EFEC1A /* Resources */,
			);
			buildRules = (
			);
			dependencies = (
			);
			name = ARGuied;
			productName = ARGuied;
			productReference = CEF818BA1F1B976300EFEC1A /* ARGuied.app */;
			productType = "com.apple.product-type.application";
		};
/* End PBXNativeTarget section */

/* Begin PBXProject section */
		CEF818B21F1B976300EFEC1A /* Project object */ = {
			isa = PBXProject;
			attributes = {
				LastSwiftUpdateCheck = 0900;
				LastUpgradeCheck = 0900;
				ORGANIZATIONNAME = YOOP;
				TargetAttributes = {
					CEF818B91F1B976300EFEC1A = {
						CreatedOnToolsVersion = 9.0;
					};
				};
			};
			buildConfigurationList = CEF818B51F1B976300EFEC1A /* Build configuration list for PBXProject "ARGuied" */;
			compatibilityVersion = "Xcode 8.0";
			developmentRegion = en;
			hasScannedForEncodings = 0;
			knownRegions = (
				en,
				Base,
			);
			mainGroup = CEF818B11F1B976300EFEC1A;
			productRefGroup = CEF818BB1F1B976300EFEC1A /* Products */;
			projectDirPath = "";
			projectRoot = "";
			targets = (
				CEF818B91F1B976300EFEC1A /* ARGuied */,
			);
		};
/* End PBXProject section */

/* Begin PBXResourcesBuildPhase section */
		CEF818B81F1B976300EFEC1A /* Resources */ = {
			isa = PBXResourcesBuildPhase;
			buildActionMask = 2147483647;
			files = (
				CEF818C01F1B976300EFEC1A /* art.scnassets in Resources */,
				CEF818CA1F1B976300EFEC1A /* LaunchScreen.storyboard in Resources */,
				CEF818C71F1B976300EFEC1A /* Assets.xcassets in Resources */,
				CEF818C51F1B976300EFEC1A /* Main.storyboard in Resources */,
			);
			runOnlyForDeploymentPostprocessing = 0;
		};
/* End PBXResourcesBuildPhase section */

/* Begin PBXSourcesBuildPhase section */
		CEF818B61F1B976300EFEC1A /* Sources */ = {
			isa = PBXSourcesBuildPhase;
			buildActionMask = 2147483647;
			files = (
				CEF818C21F1B976300EFEC1A /* ViewController.swift in Sources */,
				CEF818BE1F1B976300EFEC1A /* AppDelegate.swift in Sources */,
			);
			runOnlyForDeploymentPostprocessing = 0;
		};
/* End PBXSourcesBuildPhase section */

/* Begin PBXVariantGroup section */
		CEF818C31F1B976300EFEC1A /* Main.storyboard */ = {
			isa = PBXVariantGroup;
			children = (
				CEF818C41F1B976300EFEC1A /* Base */,
			);
			name = Main.storyboard;
			sourceTree = "<group>";
		};
		CEF818C81F1B976300EFEC1A /* LaunchScreen.storyboard */ = {
			isa = PBXVariantGroup;
			children = (
				CEF818C91F1B976300EFEC1A /* Base */,
			);
			name = LaunchScreen.storyboard;
			sourceTree = "<group>";
		};
/* End PBXVariantGroup section */

/* Begin XCBuildConfiguration section */
		CEF818CC1F1B976300EFEC1A /* Debug */ = {
			isa = XCBuildConfiguration;
			buildSettings = {
				ALWAYS_SEARCH_USER_PATHS = NO;
				CLANG_ANALYZER_NONNULL = YES;
				CLANG_ANALYZER_NUMBER_OBJECT_CONVERSION = YES_AGGRESSIVE;
				CLANG_CXX_LANGUAGE_STANDARD = "gnu++14";
				CLANG_CXX_LIBRARY = "libc++";
				CLANG_ENABLE_MODULES = YES;
				CLANG_ENABLE_OBJC_ARC = YES;
				CLANG_WARN_BLOCK_CAPTURE_AUTORELEASING = YES;
				CLANG_WARN_BOOL_CONVERSION = YES;
				CLANG_WARN_COMMA = YES;
				CLANG_WARN_CONSTANT_CONVERSION = YES;
				CLANG_WARN_DIRECT_OBJC_ISA_USAGE = YES_ERROR;
				CLANG_WARN_DOCUMENTATION_COMMENTS = YES;
				CLANG_WARN_EMPTY_BODY = YES;
				CLANG_WARN_ENUM_CONVERSION = YES;
				CLANG_WARN_INFINITE_RECURSION = YES;
				CLANG_WARN_INT_CONVERSION = YES;
				CLANG_WARN_NON_LITERAL_NULL_CONVERSION = YES;
				CLANG_WARN_OBJC_LITERAL_CONVERSION = YES;
				CLANG_WARN_OBJC_ROOT_CLASS = YES_ERROR;
				CLANG_WARN_RANGE_LOOP_ANALYSIS = YES;
				CLANG_WARN_STRICT_PROTOTYPES = YES;
				CLANG_WARN_SUSPICIOUS_MOVE = YES;
				CLANG_WARN_UNGUARDED_AVAILABILITY = YES_AGGRESSIVE;
				CLANG_WARN_UNREACHABLE_CODE = YES;
				CLANG_WARN__DUPLICATE_METHOD_MATCH = YES;
				CODE_SIGN_IDENTITY = "iPhone Developer";
				COPY_PHASE_STRIP = NO;
				DEBUG_INFORMATION_FORMAT = dwarf;
				ENABLE_STRICT_OBJC_MSGSEND = YES;
				ENABLE_TESTABILITY = YES;
				GCC_C_LANGUAGE_STANDARD = gnu11;
				GCC_DYNAMIC_NO_PIC = NO;
				GCC_NO_COMMON_BLOCKS = YES;
				GCC_OPTIMIZATION_LEVEL = 0;
				GCC_PREPROCESSOR_DEFINITIONS = (
					"DEBUG=1",
					"$(inherited)",
				);
				GCC_WARN_64_TO_32_BIT_CONVERSION = YES;
				GCC_WARN_ABOUT_RETURN_TYPE = YES_ERROR;
				GCC_WARN_UNDECLARED_SELECTOR = YES;
				GCC_WARN_UNINITIALIZED_AUTOS = YES_AGGRESSIVE;
				GCC_WARN_UNUSED_FUNCTION = YES;
				GCC_WARN_UNUSED_VARIABLE = YES;
				IPHONEOS_DEPLOYMENT_TARGET = 11.0;
				MTL_ENABLE_DEBUG_INFO = YES;
				ONLY_ACTIVE_ARCH = YES;
				SDKROOT = iphoneos;
				SWIFT_ACTIVE_COMPILATION_CONDITIONS = DEBUG;
				SWIFT_OPTIMIZATION_LEVEL = "-Onone";
			};
			name = Debug;
		};
		CEF818CD1F1B976300EFEC1A /* Release */ = {
			isa = XCBuildConfiguration;
			buildSettings = {
				ALWAYS_SEARCH_USER_PATHS = NO;
				CLANG_ANALYZER_NONNULL = YES;
				CLANG_ANALYZER_NUMBER_OBJECT_CONVERSION = YES_AGGRESSIVE;
				CLANG_CXX_LANGUAGE_STANDARD = "gnu++14";
				CLANG_CXX_LIBRARY = "libc++";
				CLANG_ENABLE_MODULES = YES;
				CLANG_ENABLE_OBJC_ARC = YES;
				CLANG_WARN_BLOCK_CAPTURE_AUTORELEASING = YES;
				CLANG_WARN_BOOL_CONVERSION = YES;
				CLANG_WARN_COMMA = YES;
				CLANG_WARN_CONSTANT_CONVERSION = YES;
				CLANG_WARN_DIRECT_OBJC_ISA_USAGE = YES_ERROR;
				CLANG_WARN_DOCUMENTATION_COMMENTS = YES;
				CLANG_WARN_EMPTY_BODY = YES;
				CLANG_WARN_ENUM_CONVERSION = YES;
				CLANG_WARN_INFINITE_RECURSION = YES;
				CLANG_WARN_INT_CONVERSION = YES;
				CLANG_WARN_NON_LITERAL_NULL_CONVERSION = YES;
				CLANG_WARN_OBJC_LITERAL_CONVERSION = YES;
				CLANG_WARN_OBJC_ROOT_CLASS = YES_ERROR;
				CLANG_WARN_RANGE_LOOP_ANALYSIS = YES;
				CLANG_WARN_STRICT_PROTOTYPES = YES;
				CLANG_WARN_SUSPICIOUS_MOVE = YES;
				CLANG_WARN_UNGUARDED_AVAILABILITY = YES_AGGRESSIVE;
				CLANG_WARN_UNREACHABLE_CODE = YES;
				CLANG_WARN__DUPLICATE_METHOD_MATCH = YES;
				CODE_SIGN_IDENTITY = "iPhone Developer";
				COPY_PHASE_STRIP = NO;
				DEBUG_INFORMATION_FORMAT = "dwarf-with-dsym";
				ENABLE_NS_ASSERTIONS = NO;
				ENABLE_STRICT_OBJC_MSGSEND = YES;
				GCC_C_LANGUAGE_STANDARD = gnu11;
				GCC_NO_COMMON_BLOCKS = YES;
				GCC_WARN_64_TO_32_BIT_CONVERSION = YES;
				GCC_WARN_ABOUT_RETURN_TYPE = YES_ERROR;
				GCC_WARN_UNDECLARED_SELECTOR = YES;
				GCC_WARN_UNINITIALIZED_AUTOS = YES_AGGRESSIVE;
				GCC_WARN_UNUSED_FUNCTION = YES;
				GCC_WARN_UNUSED_VARIABLE = YES;
				IPHONEOS_DEPLOYMENT_TARGET = 11.0;
				MTL_ENABLE_DEBUG_INFO = NO;
				SDKROOT = iphoneos;
				SWIFT_OPTIMIZATION_LEVEL = "-Owholemodule";
				VALIDATE_PRODUCT = YES;
			};
			name = Release;
		};
		CEF818CF1F1B976300EFEC1A /* Debug */ = {
			isa = XCBuildConfiguration;
			buildSettings = {
				ASSETCATALOG_COMPILER_APPICON_NAME = AppIcon;
				DEVELOPMENT_TEAM = GW82A8W73Z;
				INFOPLIST_FILE = ARGuied/Info.plist;
				LD_RUNPATH_SEARCH_PATHS = "$(inherited) @executable_path/Frameworks";
				PRODUCT_BUNDLE_IDENTIFIER = me.minikin.ARGuied;
				PRODUCT_NAME = "$(TARGET_NAME)";
				SWIFT_VERSION = 4.0;
				TARGETED_DEVICE_FAMILY = "1,2";
			};
			name = Debug;
		};
		CEF818D01F1B976300EFEC1A /* Release */ = {
			isa = XCBuildConfiguration;
			buildSettings = {
				ASSETCATALOG_COMPILER_APPICON_NAME = AppIcon;
				DEVELOPMENT_TEAM = GW82A8W73Z;
				INFOPLIST_FILE = ARGuied/Info.plist;
				LD_RUNPATH_SEARCH_PATHS = "$(inherited) @executable_path/Frameworks";
				PRODUCT_BUNDLE_IDENTIFIER = me.minikin.ARGuied;
				PRODUCT_NAME = "$(TARGET_NAME)";
				SWIFT_VERSION = 4.0;
				TARGETED_DEVICE_FAMILY = "1,2";
			};
			name = Release;
		};
/* End XCBuildConfiguration section */

/* Begin XCConfigurationList section */
		CEF818B51F1B976300EFEC1A /* Build configuration list for PBXProject "ARGuied" */ = {
			isa = XCConfigurationList;
			buildConfigurations = (
				CEF818CC1F1B976300EFEC1A /* Debug */,
				CEF818CD1F1B976300EFEC1A /* Release */,
			);
			defaultConfigurationIsVisible = 0;
			defaultConfigurationName = Release;
		};
		CEF818CE1F1B976300EFEC1A /* Build configuration list for PBXNativeTarget "ARGuied" */ = {
			isa = XCConfigurationList;
			buildConfigurations = (
				CEF818CF1F1B976300EFEC1A /* Debug */,
				CEF818D01F1B976300EFEC1A /* Release */,
			);
			defaultConfigurationIsVisible = 0;
		};
/* End XCConfigurationList section */
	};
	rootObject = CEF818B21F1B976300EFEC1A /* Project object */;
}
